{
  "name": "codekit-project",
  "version": "1.0.0",
  "lockfileVersion": 1,
  "requires": true,
  "dependencies": {
    "gsap": {
      "version": "file:gsap-bonus.tgz",
      "integrity": "sha512-QvNP3Sy7p6xmoTxVSmvuoGd3Hx1BysXfQ4rkf5F5nFVNSqvht3B0IA8yRAgAgcjn//42i1zdOvGuhWtbQX9Y6A=="
    }
  }
}
